
Microsoft Visual Studio Solution File, Format Version 12.00
# Visual Studio Version 16
VisualStudioVersion = 16.0.30225.117
MinimumVisualStudioVersion = 10.0.40219.1
Project("{FAE04EC0-301F-11D3-BF4B-00C04F79EFBC}") = "OrdenaNumeros", "OrdenaNumeros.csproj", "{2AEFF0C8-350A-4AB7-859C-F5E6AD56DAAE}"
EndProject
Global
	GlobalSection(SolutionConfigurationPlatforms) = preSolution
		Debug|Any CPU = Debug|Any CPU
		Release|Any CPU = Release|Any CPU
	EndGlobalSection
	GlobalSection(ProjectConfigurationPlatforms) = postSolution
		{2AEFF0C8-350A-4AB7-859C-F5E6AD56DAAE}.Debug|Any CPU.ActiveCfg = Debug|Any CPU
		{2AEFF0C8-350A-4AB7-859C-F5E6AD56DAAE}.Debug|Any CPU.Build.0 = Debug|Any CPU
		{2AEFF0C8-350A-4AB7-859C-F5E6AD56DAAE}.Release|Any CPU.ActiveCfg = Release|Any CPU
		{2AEFF0C8-350A-4AB7-859C-F5E6AD56DAAE}.Release|Any CPU.Build.0 = Release|Any CPU
	EndGlobalSection
	GlobalSection(SolutionProperties) = preSolution
		HideSolutionNode = FALSE
	EndGlobalSection
	GlobalSection(ExtensibilityGlobals) = postSolution
		SolutionGuid = {AC967EB7-58E3-4664-A3BB-B2937E6D6225}
	EndGlobalSection
EndGlobal
